
Microsoft Visual Studio Solution File, Format Version 12.00
# Visual Studio Version 16
VisualStudioVersion = 16.0.31911.196
MinimumVisualStudioVersion = 10.0.40219.1
Project("{FAE04EC0-301F-11D3-BF4B-00C04F79EFBC}") = "WebApiGenericRepository", "WebApiGenericRepository\WebApiGenericRepository.csproj", "{46E7FFEF-2DD5-4B7B-A375-5146B5C4A6FB}"
EndProject
Global
	GlobalSection(SolutionConfigurationPlatforms) = preSolution
		Debug|Any CPU = Debug|Any CPU
		Release|Any CPU = Release|Any CPU
	EndGlobalSection
	GlobalSection(ProjectConfigurationPlatforms) = postSolution
		{46E7FFEF-2DD5-4B7B-A375-5146B5C4A6FB}.Debug|Any CPU.ActiveCfg = Debug|Any CPU
		{46E7FFEF-2DD5-4B7B-A375-5146B5C4A6FB}.Debug|Any CPU.Build.0 = Debug|Any CPU
		{46E7FFEF-2DD5-4B7B-A375-5146B5C4A6FB}.Release|Any CPU.ActiveCfg = Release|Any CPU
		{46E7FFEF-2DD5-4B7B-A375-5146B5C4A6FB}.Release|Any CPU.Build.0 = Release|Any CPU
	EndGlobalSection
	GlobalSection(SolutionProperties) = preSolution
		HideSolutionNode = FALSE
	EndGlobalSection
	GlobalSection(ExtensibilityGlobals) = postSolution
		SolutionGuid = {69A986CA-0E64-41BC-91B1-3642A161E185}
	EndGlobalSection
EndGlobal
